
Microsoft Visual Studio Solution File, Format Version 12.00
# Visual Studio Version 17
VisualStudioVersion = 17.4.33122.133
MinimumVisualStudioVersion = 10.0.40219.1
Project("{9A19103F-16F7-4668-BE54-9A1E7A4F7556}") = "MP3_EE_EA", "MP3_EE_EA\MP3_EE_EA.csproj", "{268B4AD5-42CC-49F7-AE9B-6FCC28FC21B2}"
EndProject
Project("{9A19103F-16F7-4668-BE54-9A1E7A4F7556}") = "MP3_Unit_Testing", "MP3_EE_EATests\MP3_Unit_Testing.csproj", "{0FE5EC18-7B62-4F00-BABF-9A93DE7E40FA}"
EndProject
Global
	GlobalSection(SolutionConfigurationPlatforms) = preSolution
		Debug|Any CPU = Debug|Any CPU
		Release|Any CPU = Release|Any CPU
	EndGlobalSection
	GlobalSection(ProjectConfigurationPlatforms) = postSolution
		{268B4AD5-42CC-49F7-AE9B-6FCC28FC21B2}.Debug|Any CPU.ActiveCfg = Debug|Any CPU
		{268B4AD5-42CC-49F7-AE9B-6FCC28FC21B2}.Debug|Any CPU.Build.0 = Debug|Any CPU
		{268B4AD5-42CC-49F7-AE9B-6FCC28FC21B2}.Release|Any CPU.ActiveCfg = Release|Any CPU
		{268B4AD5-42CC-49F7-AE9B-6FCC28FC21B2}.Release|Any CPU.Build.0 = Release|Any CPU
		{0FE5EC18-7B62-4F00-BABF-9A93DE7E40FA}.Debug|Any CPU.ActiveCfg = Debug|Any CPU
		{0FE5EC18-7B62-4F00-BABF-9A93DE7E40FA}.Debug|Any CPU.Build.0 = Debug|Any CPU
		{0FE5EC18-7B62-4F00-BABF-9A93DE7E40FA}.Release|Any CPU.ActiveCfg = Release|Any CPU
		{0FE5EC18-7B62-4F00-BABF-9A93DE7E40FA}.Release|Any CPU.Build.0 = Release|Any CPU
	EndGlobalSection
	GlobalSection(SolutionProperties) = preSolution
		HideSolutionNode = FALSE
	EndGlobalSection
	GlobalSection(ExtensibilityGlobals) = postSolution
		SolutionGuid = {F72289FE-4385-404D-A854-7F8D76BA055D}
	EndGlobalSection
EndGlobal
